
Microsoft Visual Studio Solution File, Format Version 12.00
# Visual Studio Version 17
VisualStudioVersion = 17.11.35208.52
MinimumVisualStudioVersion = 10.0.40219.1
Project("{FAE04EC0-301F-11D3-BF4B-00C04F79EFBC}") = "Abstraction-Interfaces2", "Abstraction-Interfaces2.csproj", "{7DAA4708-126F-40AC-81DF-4D03C53B7B42}"
EndProject
Global
	GlobalSection(SolutionConfigurationPlatforms) = preSolution
		Debug|Any CPU = Debug|Any CPU
		Release|Any CPU = Release|Any CPU
	EndGlobalSection
	GlobalSection(ProjectConfigurationPlatforms) = postSolution
		{7DAA4708-126F-40AC-81DF-4D03C53B7B42}.Debug|Any CPU.ActiveCfg = Debug|Any CPU
		{7DAA4708-126F-40AC-81DF-4D03C53B7B42}.Debug|Any CPU.Build.0 = Debug|Any CPU
		{7DAA4708-126F-40AC-81DF-4D03C53B7B42}.Release|Any CPU.ActiveCfg = Release|Any CPU
		{7DAA4708-126F-40AC-81DF-4D03C53B7B42}.Release|Any CPU.Build.0 = Release|Any CPU
	EndGlobalSection
	GlobalSection(SolutionProperties) = preSolution
		HideSolutionNode = FALSE
	EndGlobalSection
	GlobalSection(ExtensibilityGlobals) = postSolution
		SolutionGuid = {733C6267-DCF7-4841-BCDB-A16E1D86785A}
	EndGlobalSection
EndGlobal
